// !$*UTF8*$!
{
	archiveVersion = 1;
	classes = {
	};
	objectVersion = 46;
	objects = {

/* Begin PBXBuildFile section */
		39EC5B054038A0CD11843CE9 /* Pods_sdhacks16_app.framework in Frameworks */ = {isa = PBXBuildFile; fileRef = 480A018549C2DB07BA4685CB /* Pods_sdhacks16_app.framework */; };
		431D5B751D9F8F5C00429AEF /* AppDelegate.swift in Sources */ = {isa = PBXBuildFile; fileRef = 431D5B741D9F8F5C00429AEF /* AppDelegate.swift */; };
		431D5B771D9F8F5C00429AEF /* PIDViewController.swift in Sources */ = {isa = PBXBuildFile; fileRef = 431D5B761D9F8F5C00429AEF /* PIDViewController.swift */; };
		431D5B7A1D9F8F5C00429AEF /* Main.storyboard in Resources */ = {isa = PBXBuildFile; fileRef = 431D5B781D9F8F5C00429AEF /* Main.storyboard */; };
		431D5B7C1D9F8F5C00429AEF /* Assets.xcassets in Resources */ = {isa = PBXBuildFile; fileRef = 431D5B7B1D9F8F5C00429AEF /* Assets.xcassets */; };
		431D5B7F1D9F8F5C00429AEF /* LaunchScreen.storyboard in Resources */ = {isa = PBXBuildFile; fileRef = 431D5B7D1D9F8F5C00429AEF /* LaunchScreen.storyboard */; };
		431D5B8A1D9F8F5C00429AEF /* sdhacks16_appTests.swift in Sources */ = {isa = PBXBuildFile; fileRef = 431D5B891D9F8F5C00429AEF /* sdhacks16_appTests.swift */; };
		431D5B951D9F8F5C00429AEF /* sdhacks16_appUITests.swift in Sources */ = {isa = PBXBuildFile; fileRef = 431D5B941D9F8F5C00429AEF /* sdhacks16_appUITests.swift */; };
		43DCD8A01DA02A4D00F1D8D1 /* QAViewController.swift in Sources */ = {isa = PBXBuildFile; fileRef = 43DCD89E1DA02A4D00F1D8D1 /* QAViewController.swift */; };
		43DCD8A31DA0334C00F1D8D1 /* QATableViewCell.swift in Sources */ = {isa = PBXBuildFile; fileRef = 43DCD8A21DA0334C00F1D8D1 /* QATableViewCell.swift */; };
		6D82FCEACCB43662C08B136B /* Pods_sdhacks16_appUITests.framework in Frameworks */ = {isa = PBXBuildFile; fileRef = 169BDAF797D31BB7F561AFF6 /* Pods_sdhacks16_appUITests.framework */; };
		98DBA7C91D9F926200A37778 /* AddClassesViewController.swift in Sources */ = {isa = PBXBuildFile; fileRef = 98DBA7C81D9F926200A37778 /* AddClassesViewController.swift */; };
		98DBA7CF1D9F969A00A37778 /* Courses.swift in Sources */ = {isa = PBXBuildFile; fileRef = 98DBA7CE1D9F969A00A37778 /* Courses.swift */; };
		98DBA7D11D9F99C600A37778 /* CourseConfirmationViewController.swift in Sources */ = {isa = PBXBuildFile; fileRef = 98DBA7D01D9F99C600A37778 /* CourseConfirmationViewController.swift */; };
		98DBA7D31D9FA53B00A37778 /* Macro.swift in Sources */ = {isa = PBXBuildFile; fileRef = 98DBA7D21D9FA53B00A37778 /* Macro.swift */; };
		98DBA7D61D9FB78500A37778 /* RegisteredClassListTableViewController.swift in Sources */ = {isa = PBXBuildFile; fileRef = 98DBA7D51D9FB78500A37778 /* RegisteredClassListTableViewController.swift */; };
		98DBA7D81D9FB7D800A37778 /* RegisteredClassListTableViewCell.swift in Sources */ = {isa = PBXBuildFile; fileRef = 98DBA7D71D9FB7D800A37778 /* RegisteredClassListTableViewCell.swift */; };
		98DBA7DA1DA0168600A37778 /* CoursesTableViewController.swift in Sources */ = {isa = PBXBuildFile; fileRef = 98DBA7D91DA0168600A37778 /* CoursesTableViewController.swift */; };
		98DBA7DD1DA01AFC00A37778 /* Question.swift in Sources */ = {isa = PBXBuildFile; fileRef = 98DBA7DC1DA01AFC00A37778 /* Question.swift */; };
		98DBA7DF1DA01B3D00A37778 /* Lecture.swift in Sources */ = {isa = PBXBuildFile; fileRef = 98DBA7DE1DA01B3D00A37778 /* Lecture.swift */; };
		98DBA7E11DA01ED100A37778 /* Student.swift in Sources */ = {isa = PBXBuildFile; fileRef = 98DBA7E01DA01ED100A37778 /* Student.swift */; };
		98DBA7E41DA0239900A37778 /* QuestionHistoryTableViewController.swift in Sources */ = {isa = PBXBuildFile; fileRef = 98DBA7E31DA0239900A37778 /* QuestionHistoryTableViewController.swift */; };
		98DBA7E61DA0245200A37778 /* QuestionTableViewCell.swift in Sources */ = {isa = PBXBuildFile; fileRef = 98DBA7E51DA0245200A37778 /* QuestionTableViewCell.swift */; };
		9A2C6B47295142FC5B1AC615 /* Pods_sdhacks16_appTests.framework in Frameworks */ = {isa = PBXBuildFile; fileRef = AEE1182CFBF3C0D4F0839A4C /* Pods_sdhacks16_appTests.framework */; };
/* End PBXBuildFile section */

/* Begin PBXContainerItemProxy section */
		431D5B861D9F8F5C00429AEF /* PBXContainerItemProxy */ = {
			isa = PBXContainerItemProxy;
			containerPortal = 431D5B691D9F8F5C00429AEF /* Project object */;
			proxyType = 1;
			remoteGlobalIDString = 431D5B701D9F8F5C00429AEF;
			remoteInfo = "sdhacks16-app";
		};
		431D5B911D9F8F5C00429AEF /* PBXContainerItemProxy */ = {
			isa = PBXContainerItemProxy;
			containerPortal = 431D5B691D9F8F5C00429AEF /* Project object */;
			proxyType = 1;
			remoteGlobalIDString = 431D5B701D9F8F5C00429AEF;
			remoteInfo = "sdhacks16-app";
		};
/* End PBXContainerItemProxy section */

/* Begin PBXFileReference section */
		13B675A4AFE130F787F6DC6F /* Pods-sdhacks16-app.debug.xcconfig */ = {isa = PBXFileReference; includeInIndex = 1; lastKnownFileType = text.xcconfig; name = "Pods-sdhacks16-app.debug.xcconfig"; path = "Pods/Target Support Files/Pods-sdhacks16-app/Pods-sdhacks16-app.debug.xcconfig"; sourceTree = "<group>"; };
		152CC9CA84B91D08CAD6FD54 /* Pods-sdhacks16-appTests.release.xcconfig */ = {isa = PBXFileReference; includeInIndex = 1; lastKnownFileType = text.xcconfig; name = "Pods-sdhacks16-appTests.release.xcconfig"; path = "Pods/Target Support Files/Pods-sdhacks16-appTests/Pods-sdhacks16-appTests.release.xcconfig"; sourceTree = "<group>"; };
		15D0565D0F4BC84B27B6A4F2 /* Pods-sdhacks16-appTests.debug.xcconfig */ = {isa = PBXFileReference; includeInIndex = 1; lastKnownFileType = text.xcconfig; name = "Pods-sdhacks16-appTests.debug.xcconfig"; path = "Pods/Target Support Files/Pods-sdhacks16-appTests/Pods-sdhacks16-appTests.debug.xcconfig"; sourceTree = "<group>"; };
		169BDAF797D31BB7F561AFF6 /* Pods_sdhacks16_appUITests.framework */ = {isa = PBXFileReference; explicitFileType = wrapper.framework; includeInIndex = 0; path = Pods_sdhacks16_appUITests.framework; sourceTree = BUILT_PRODUCTS_DIR; };
		2DFB226D26B5F6823FE307C8 /* Pods-sdhacks16-app.release.xcconfig */ = {isa = PBXFileReference; includeInIndex = 1; lastKnownFileType = text.xcconfig; name = "Pods-sdhacks16-app.release.xcconfig"; path = "Pods/Target Support Files/Pods-sdhacks16-app/Pods-sdhacks16-app.release.xcconfig"; sourceTree = "<group>"; };
		431D5B711D9F8F5C00429AEF /* sdhacks16-app.app */ = {isa = PBXFileReference; explicitFileType = wrapper.application; includeInIndex = 0; path = "sdhacks16-app.app"; sourceTree = BUILT_PRODUCTS_DIR; };
		431D5B741D9F8F5C00429AEF /* AppDelegate.swift */ = {isa = PBXFileReference; lastKnownFileType = sourcecode.swift; path = AppDelegate.swift; sourceTree = "<group>"; };
		431D5B761D9F8F5C00429AEF /* PIDViewController.swift */ = {isa = PBXFileReference; lastKnownFileType = sourcecode.swift; path = PIDViewController.swift; sourceTree = "<group>"; };
		431D5B791D9F8F5C00429AEF /* Base */ = {isa = PBXFileReference; lastKnownFileType = file.storyboard; name = Base; path = Base.lproj/Main.storyboard; sourceTree = "<group>"; };
		431D5B7B1D9F8F5C00429AEF /* Assets.xcassets */ = {isa = PBXFileReference; lastKnownFileType = folder.assetcatalog; path = Assets.xcassets; sourceTree = "<group>"; };
		431D5B7E1D9F8F5C00429AEF /* Base */ = {isa = PBXFileReference; lastKnownFileType = file.storyboard; name = Base; path = Base.lproj/LaunchScreen.storyboard; sourceTree = "<group>"; };
		431D5B801D9F8F5C00429AEF /* Info.plist */ = {isa = PBXFileReference; lastKnownFileType = text.plist.xml; path = Info.plist; sourceTree = "<group>"; };
		431D5B851D9F8F5C00429AEF /* sdhacks16-appTests.xctest */ = {isa = PBXFileReference; explicitFileType = wrapper.cfbundle; includeInIndex = 0; path = "sdhacks16-appTests.xctest"; sourceTree = BUILT_PRODUCTS_DIR; };
		431D5B891D9F8F5C00429AEF /* sdhacks16_appTests.swift */ = {isa = PBXFileReference; lastKnownFileType = sourcecode.swift; path = sdhacks16_appTests.swift; sourceTree = "<group>"; };
		431D5B8B1D9F8F5C00429AEF /* Info.plist */ = {isa = PBXFileReference; lastKnownFileType = text.plist.xml; path = Info.plist; sourceTree = "<group>"; };
		431D5B901D9F8F5C00429AEF /* sdhacks16-appUITests.xctest */ = {isa = PBXFileReference; explicitFileType = wrapper.cfbundle; includeInIndex = 0; path = "sdhacks16-appUITests.xctest"; sourceTree = BUILT_PRODUCTS_DIR; };
		431D5B941D9F8F5C00429AEF /* sdhacks16_appUITests.swift */ = {isa = PBXFileReference; lastKnownFileType = sourcecode.swift; path = sdhacks16_appUITests.swift; sourceTree = "<group>"; };
		431D5B961D9F8F5C00429AEF /* Info.plist */ = {isa = PBXFileReference; lastKnownFileType = text.plist.xml; path = Info.plist; sourceTree = "<group>"; };
		43DCD89E1DA02A4D00F1D8D1 /* QAViewController.swift */ = {isa = PBXFileReference; fileEncoding = 4; lastKnownFileType = sourcecode.swift; path = QAViewController.swift; sourceTree = "<group>"; };
		43DCD8A21DA0334C00F1D8D1 /* QATableViewCell.swift */ = {isa = PBXFileReference; fileEncoding = 4; lastKnownFileType = sourcecode.swift; path = QATableViewCell.swift; sourceTree = "<group>"; };
		480A018549C2DB07BA4685CB /* Pods_sdhacks16_app.framework */ = {isa = PBXFileReference; explicitFileType = wrapper.framework; includeInIndex = 0; path = Pods_sdhacks16_app.framework; sourceTree = BUILT_PRODUCTS_DIR; };
		8A37DDF7C2AFDA3DD45FEA6B /* Pods-sdhacks16-appUITests.debug.xcconfig */ = {isa = PBXFileReference; includeInIndex = 1; lastKnownFileType = text.xcconfig; name = "Pods-sdhacks16-appUITests.debug.xcconfig"; path = "Pods/Target Support Files/Pods-sdhacks16-appUITests/Pods-sdhacks16-appUITests.debug.xcconfig"; sourceTree = "<group>"; };
		98DBA7C81D9F926200A37778 /* AddClassesViewController.swift */ = {isa = PBXFileReference; fileEncoding = 4; lastKnownFileType = sourcecode.swift; path = AddClassesViewController.swift; sourceTree = "<group>"; };
		98DBA7CE1D9F969A00A37778 /* Courses.swift */ = {isa = PBXFileReference; fileEncoding = 4; lastKnownFileType = sourcecode.swift; path = Courses.swift; sourceTree = "<group>"; };
		98DBA7D01D9F99C600A37778 /* CourseConfirmationViewController.swift */ = {isa = PBXFileReference; fileEncoding = 4; lastKnownFileType = sourcecode.swift; path = CourseConfirmationViewController.swift; sourceTree = "<group>"; };
		98DBA7D21D9FA53B00A37778 /* Macro.swift */ = {isa = PBXFileReference; fileEncoding = 4; lastKnownFileType = sourcecode.swift; path = Macro.swift; sourceTree = "<group>"; };
		98DBA7D51D9FB78500A37778 /* RegisteredClassListTableViewController.swift */ = {isa = PBXFileReference; fileEncoding = 4; lastKnownFileType = sourcecode.swift; path = RegisteredClassListTableViewController.swift; sourceTree = "<group>"; };
		98DBA7D71D9FB7D800A37778 /* RegisteredClassListTableViewCell.swift */ = {isa = PBXFileReference; fileEncoding = 4; lastKnownFileType = sourcecode.swift; path = RegisteredClassListTableViewCell.swift; sourceTree = "<group>"; };
		98DBA7D91DA0168600A37778 /* CoursesTableViewController.swift */ = {isa = PBXFileReference; fileEncoding = 4; lastKnownFileType = sourcecode.swift; path = CoursesTableViewController.swift; sourceTree = "<group>"; };
		98DBA7DC1DA01AFC00A37778 /* Question.swift */ = {isa = PBXFileReference; fileEncoding = 4; lastKnownFileType = sourcecode.swift; path = Question.swift; sourceTree = "<group>"; };
		98DBA7DE1DA01B3D00A37778 /* Lecture.swift */ = {isa = PBXFileReference; fileEncoding = 4; lastKnownFileType = sourcecode.swift; path = Lecture.swift; sourceTree = "<group>"; };
		98DBA7E01DA01ED100A37778 /* Student.swift */ = {isa = PBXFileReference; fileEncoding = 4; lastKnownFileType = sourcecode.swift; path = Student.swift; sourceTree = "<group>"; };
		98DBA7E31DA0239900A37778 /* QuestionHistoryTableViewController.swift */ = {isa = PBXFileReference; fileEncoding = 4; lastKnownFileType = sourcecode.swift; path = QuestionHistoryTableViewController.swift; sourceTree = "<group>"; };
		98DBA7E51DA0245200A37778 /* QuestionTableViewCell.swift */ = {isa = PBXFileReference; fileEncoding = 4; lastKnownFileType = sourcecode.swift; path = QuestionTableViewCell.swift; sourceTree = "<group>"; };
		AEE1182CFBF3C0D4F0839A4C /* Pods_sdhacks16_appTests.framework */ = {isa = PBXFileReference; explicitFileType = wrapper.framework; includeInIndex = 0; path = Pods_sdhacks16_appTests.framework; sourceTree = BUILT_PRODUCTS_DIR; };
		CC21AF24EBC62D7E83B81DAB /* Pods-sdhacks16-appUITests.release.xcconfig */ = {isa = PBXFileReference; includeInIndex = 1; lastKnownFileType = text.xcconfig; name = "Pods-sdhacks16-appUITests.release.xcconfig"; path = "Pods/Target Support Files/Pods-sdhacks16-appUITests/Pods-sdhacks16-appUITests.release.xcconfig"; sourceTree = "<group>"; };
/* End PBXFileReference section */

/* Begin PBXFrameworksBuildPhase section */
		431D5B6E1D9F8F5C00429AEF /* Frameworks */ = {
			isa = PBXFrameworksBuildPhase;
			buildActionMask = 2147483647;
			files = (
				39EC5B054038A0CD11843CE9 /* Pods_sdhacks16_app.framework in Frameworks */,
			);
			runOnlyForDeploymentPostprocessing = 0;
		};
		431D5B821D9F8F5C00429AEF /* Frameworks */ = {
			isa = PBXFrameworksBuildPhase;
			buildActionMask = 2147483647;
			files = (
				9A2C6B47295142FC5B1AC615 /* Pods_sdhacks16_appTests.framework in Frameworks */,
			);
			runOnlyForDeploymentPostprocessing = 0;
		};
		431D5B8D1D9F8F5C00429AEF /* Frameworks */ = {
			isa = PBXFrameworksBuildPhase;
			buildActionMask = 2147483647;
			files = (
				6D82FCEACCB43662C08B136B /* Pods_sdhacks16_appUITests.framework in Frameworks */,
			);
			runOnlyForDeploymentPostprocessing = 0;
		};
/* End PBXFrameworksBuildPhase section */

/* Begin PBXGroup section */
		431D5B681D9F8F5C00429AEF = {
			isa = PBXGroup;
			children = (
				431D5B731D9F8F5C00429AEF /* sdhacks16-app */,
				431D5B881D9F8F5C00429AEF /* sdhacks16-appTests */,
				431D5B931D9F8F5C00429AEF /* sdhacks16-appUITests */,
				431D5B721D9F8F5C00429AEF /* Products */,
				FEC49E438579D6868145B5FC /* Pods */,
				5E19F5E14C81E4321041F432 /* Frameworks */,
			);
			sourceTree = "<group>";
		};
		431D5B721D9F8F5C00429AEF /* Products */ = {
			isa = PBXGroup;
			children = (
				431D5B711D9F8F5C00429AEF /* sdhacks16-app.app */,
				431D5B851D9F8F5C00429AEF /* sdhacks16-appTests.xctest */,
				431D5B901D9F8F5C00429AEF /* sdhacks16-appUITests.xctest */,
			);
			name = Products;
			sourceTree = "<group>";
		};
		431D5B731D9F8F5C00429AEF /* sdhacks16-app */ = {
			isa = PBXGroup;
			children = (
				431D5B741D9F8F5C00429AEF /* AppDelegate.swift */,
				98DBA7CE1D9F969A00A37778 /* Courses.swift */,
				98DBA7DE1DA01B3D00A37778 /* Lecture.swift */,
				98DBA7E01DA01ED100A37778 /* Student.swift */,
				98DBA7DC1DA01AFC00A37778 /* Question.swift */,
				98DBA7E71DA0278900A37778 /* Macro */,
				98DBA7CA1D9F926800A37778 /* Add Class */,
				431D5B761D9F8F5C00429AEF /* PIDViewController.swift */,
				98DBA7D41D9FB75D00A37778 /* RegistedClassList */,
				431D5B781D9F8F5C00429AEF /* Main.storyboard */,
				431D5B7B1D9F8F5C00429AEF /* Assets.xcassets */,
				431D5B7D1D9F8F5C00429AEF /* LaunchScreen.storyboard */,
				431D5B801D9F8F5C00429AEF /* Info.plist */,
			);
			path = "sdhacks16-app";
			sourceTree = "<group>";
		};
		431D5B881D9F8F5C00429AEF /* sdhacks16-appTests */ = {
			isa = PBXGroup;
			children = (
				431D5B891D9F8F5C00429AEF /* sdhacks16_appTests.swift */,
				431D5B8B1D9F8F5C00429AEF /* Info.plist */,
			);
			path = "sdhacks16-appTests";
			sourceTree = "<group>";
		};
		431D5B931D9F8F5C00429AEF /* sdhacks16-appUITests */ = {
			isa = PBXGroup;
			children = (
				431D5B941D9F8F5C00429AEF /* sdhacks16_appUITests.swift */,
				431D5B961D9F8F5C00429AEF /* Info.plist */,
			);
			path = "sdhacks16-appUITests";
			sourceTree = "<group>";
		};
		43DCD89A1DA029A400F1D8D1 /* LiveQA */ = {
			isa = PBXGroup;
			children = (
				43DCD89E1DA02A4D00F1D8D1 /* QAViewController.swift */,
				43DCD8A21DA0334C00F1D8D1 /* QATableViewCell.swift */,
			);
			name = LiveQA;
			sourceTree = "<group>";
		};
		5E19F5E14C81E4321041F432 /* Frameworks */ = {
			isa = PBXGroup;
			children = (
				480A018549C2DB07BA4685CB /* Pods_sdhacks16_app.framework */,
				AEE1182CFBF3C0D4F0839A4C /* Pods_sdhacks16_appTests.framework */,
				169BDAF797D31BB7F561AFF6 /* Pods_sdhacks16_appUITests.framework */,
			);
			name = Frameworks;
			sourceTree = "<group>";
		};
		98DBA7CA1D9F926800A37778 /* Add Class */ = {
			isa = PBXGroup;
			children = (
				98DBA7C81D9F926200A37778 /* AddClassesViewController.swift */,
				98DBA7D01D9F99C600A37778 /* CourseConfirmationViewController.swift */,
			);
			name = "Add Class";
			sourceTree = "<group>";
		};
		98DBA7D41D9FB75D00A37778 /* RegistedClassList */ = {
			isa = PBXGroup;
			children = (
				98DBA7D51D9FB78500A37778 /* RegisteredClassListTableViewController.swift */,
				98DBA7D71D9FB7D800A37778 /* RegisteredClassListTableViewCell.swift */,
				98DBA7DB1DA0168B00A37778 /* CourseView */,
			);
			name = RegistedClassList;
			sourceTree = "<group>";
		};
		98DBA7DB1DA0168B00A37778 /* CourseView */ = {
			isa = PBXGroup;
			children = (
				98DBA7D91DA0168600A37778 /* CoursesTableViewController.swift */,
				98DBA7E21DA0238100A37778 /* QuestionHistory */,
				43DCD89A1DA029A400F1D8D1 /* LiveQA */,
			);
			name = CourseView;
			sourceTree = "<group>";
		};
		98DBA7E21DA0238100A37778 /* QuestionHistory */ = {
			isa = PBXGroup;
			children = (
				98DBA7E31DA0239900A37778 /* QuestionHistoryTableViewController.swift */,
				98DBA7E51DA0245200A37778 /* QuestionTableViewCell.swift */,
			);
			name = QuestionHistory;
			sourceTree = "<group>";
		};
		98DBA7E71DA0278900A37778 /* Macro */ = {
			isa = PBXGroup;
			children = (
				98DBA7D21D9FA53B00A37778 /* Macro.swift */,
			);
			name = Macro;
			sourceTree = "<group>";
		};
		FEC49E438579D6868145B5FC /* Pods */ = {
			isa = PBXGroup;
			children = (
				13B675A4AFE130F787F6DC6F /* Pods-sdhacks16-app.debug.xcconfig */,
				2DFB226D26B5F6823FE307C8 /* Pods-sdhacks16-app.release.xcconfig */,
				15D0565D0F4BC84B27B6A4F2 /* Pods-sdhacks16-appTests.debug.xcconfig */,
				152CC9CA84B91D08CAD6FD54 /* Pods-sdhacks16-appTests.release.xcconfig */,
				8A37DDF7C2AFDA3DD45FEA6B /* Pods-sdhacks16-appUITests.debug.xcconfig */,
				CC21AF24EBC62D7E83B81DAB /* Pods-sdhacks16-appUITests.release.xcconfig */,
			);
			name = Pods;
			sourceTree = "<group>";
		};
/* End PBXGroup section */

/* Begin PBXNativeTarget section */
		431D5B701D9F8F5C00429AEF /* sdhacks16-app */ = {
			isa = PBXNativeTarget;
			buildConfigurationList = 431D5B991D9F8F5C00429AEF /* Build configuration list for PBXNativeTarget "sdhacks16-app" */;
			buildPhases = (
				E6DF2ACFA33FC534A37241FF /* [CP] Check Pods Manifest.lock */,
				431D5B6D1D9F8F5C00429AEF /* Sources */,
				431D5B6E1D9F8F5C00429AEF /* Frameworks */,
				431D5B6F1D9F8F5C00429AEF /* Resources */,
				98DA5E86B8183B7970E7E82B /* [CP] Embed Pods Frameworks */,
				CA1FED3C9BB2235598AFD6CB /* [CP] Copy Pods Resources */,
			);
			buildRules = (
			);
			dependencies = (
			);
			name = "sdhacks16-app";
			productName = "sdhacks16-app";
			productReference = 431D5B711D9F8F5C00429AEF /* sdhacks16-app.app */;
			productType = "com.apple.product-type.application";
		};
		431D5B841D9F8F5C00429AEF /* sdhacks16-appTests */ = {
			isa = PBXNativeTarget;
			buildConfigurationList = 431D5B9C1D9F8F5C00429AEF /* Build configuration list for PBXNativeTarget "sdhacks16-appTests" */;
			buildPhases = (
				20815118027BFA1E317AEBDC /* [CP] Check Pods Manifest.lock */,
				431D5B811D9F8F5C00429AEF /* Sources */,
				431D5B821D9F8F5C00429AEF /* Frameworks */,
				431D5B831D9F8F5C00429AEF /* Resources */,
				79952C4C872C3731355A0825 /* [CP] Embed Pods Frameworks */,
				4624640EF399680C7E8F10AB /* [CP] Copy Pods Resources */,
			);
			buildRules = (
			);
			dependencies = (
				431D5B871D9F8F5C00429AEF /* PBXTargetDependency */,
			);
			name = "sdhacks16-appTests";
			productName = "sdhacks16-appTests";
			productReference = 431D5B851D9F8F5C00429AEF /* sdhacks16-appTests.xctest */;
			productType = "com.apple.product-type.bundle.unit-test";
		};
		431D5B8F1D9F8F5C00429AEF /* sdhacks16-appUITests */ = {
			isa = PBXNativeTarget;
			buildConfigurationList = 431D5B9F1D9F8F5C00429AEF /* Build configuration list for PBXNativeTarget "sdhacks16-appUITests" */;
			buildPhases = (
				E7126412723E9BDFE409AAC8 /* [CP] Check Pods Manifest.lock */,
				431D5B8C1D9F8F5C00429AEF /* Sources */,
				431D5B8D1D9F8F5C00429AEF /* Frameworks */,
				431D5B8E1D9F8F5C00429AEF /* Resources */,
				BC468357C817B2668527F845 /* [CP] Copy Pods Resources */,
			);
			buildRules = (
			);
			dependencies = (
				431D5B921D9F8F5C00429AEF /* PBXTargetDependency */,
			);
			name = "sdhacks16-appUITests";
			productName = "sdhacks16-appUITests";
			productReference = 431D5B901D9F8F5C00429AEF /* sdhacks16-appUITests.xctest */;
			productType = "com.apple.product-type.bundle.ui-testing";
		};
/* End PBXNativeTarget section */

/* Begin PBXProject section */
		431D5B691D9F8F5C00429AEF /* Project object */ = {
			isa = PBXProject;
			attributes = {
				LastSwiftUpdateCheck = 0800;
				LastUpgradeCheck = 0800;
				ORGANIZATIONNAME = sdhacks16;
				TargetAttributes = {
					431D5B701D9F8F5C00429AEF = {
						CreatedOnToolsVersion = 8.0;
						DevelopmentTeam = 2ATYTS9SNC;
						ProvisioningStyle = Automatic;
					};
					431D5B841D9F8F5C00429AEF = {
						CreatedOnToolsVersion = 8.0;
						ProvisioningStyle = Automatic;
						TestTargetID = 431D5B701D9F8F5C00429AEF;
					};
					431D5B8F1D9F8F5C00429AEF = {
						CreatedOnToolsVersion = 8.0;
						ProvisioningStyle = Automatic;
						TestTargetID = 431D5B701D9F8F5C00429AEF;
					};
				};
			};
			buildConfigurationList = 431D5B6C1D9F8F5C00429AEF /* Build configuration list for PBXProject "sdhacks16-app" */;
			compatibilityVersion = "Xcode 3.2";
			developmentRegion = English;
			hasScannedForEncodings = 0;
			knownRegions = (
				en,
				Base,
			);
			mainGroup = 431D5B681D9F8F5C00429AEF;
			productRefGroup = 431D5B721D9F8F5C00429AEF /* Products */;
			projectDirPath = "";
			projectRoot = "";
			targets = (
				431D5B701D9F8F5C00429AEF /* sdhacks16-app */,
				431D5B841D9F8F5C00429AEF /* sdhacks16-appTests */,
				431D5B8F1D9F8F5C00429AEF /* sdhacks16-appUITests */,
			);
		};
/* End PBXProject section */

/* Begin PBXResourcesBuildPhase section */
		431D5B6F1D9F8F5C00429AEF /* Resources */ = {
			isa = PBXResourcesBuildPhase;
			buildActionMask = 2147483647;
			files = (
				431D5B7F1D9F8F5C00429AEF /* LaunchScreen.storyboard in Resources */,
				431D5B7C1D9F8F5C00429AEF /* Assets.xcassets in Resources */,
				431D5B7A1D9F8F5C00429AEF /* Main.storyboard in Resources */,
			);
			runOnlyForDeploymentPostprocessing = 0;
		};
		431D5B831D9F8F5C00429AEF /* Resources */ = {
			isa = PBXResourcesBuildPhase;
			buildActionMask = 2147483647;
			files = (
			);
			runOnlyForDeploymentPostprocessing = 0;
		};
		431D5B8E1D9F8F5C00429AEF /* Resources */ = {
			isa = PBXResourcesBuildPhase;
			buildActionMask = 2147483647;
			files = (
			);
			runOnlyForDeploymentPostprocessing = 0;
		};
/* End PBXResourcesBuildPhase section */

/* Begin PBXShellScriptBuildPhase section */
		20815118027BFA1E317AEBDC /* [CP] Check Pods Manifest.lock */ = {
			isa = PBXShellScriptBuildPhase;
			buildActionMask = 2147483647;
			files = (
			);
			inputPaths = (
			);
			name = "[CP] Check Pods Manifest.lock";
			outputPaths = (
			);
			runOnlyForDeploymentPostprocessing = 0;
			shellPath = /bin/sh;
			shellScript = "diff \"${PODS_ROOT}/../Podfile.lock\" \"${PODS_ROOT}/Manifest.lock\" > /dev/null\nif [[ $? != 0 ]] ; then\n    cat << EOM\nerror: The sandbox is not in sync with the Podfile.lock. Run 'pod install' or update your CocoaPods installation.\nEOM\n    exit 1\nfi\n";
			showEnvVarsInLog = 0;
		};
		4624640EF399680C7E8F10AB /* [CP] Copy Pods Resources */ = {
			isa = PBXShellScriptBuildPhase;
			buildActionMask = 2147483647;
			files = (
			);
			inputPaths = (
			);
			name = "[CP] Copy Pods Resources";
			outputPaths = (
			);
			runOnlyForDeploymentPostprocessing = 0;
			shellPath = /bin/sh;
			shellScript = "\"${SRCROOT}/Pods/Target Support Files/Pods-sdhacks16-appTests/Pods-sdhacks16-appTests-resources.sh\"\n";
			showEnvVarsInLog = 0;
		};
		79952C4C872C3731355A0825 /* [CP] Embed Pods Frameworks */ = {
			isa = PBXShellScriptBuildPhase;
			buildActionMask = 2147483647;
			files = (
			);
			inputPaths = (
			);
			name = "[CP] Embed Pods Frameworks";
			outputPaths = (
			);
			runOnlyForDeploymentPostprocessing = 0;
			shellPath = /bin/sh;
			shellScript = "\"${SRCROOT}/Pods/Target Support Files/Pods-sdhacks16-appTests/Pods-sdhacks16-appTests-frameworks.sh\"\n";
			showEnvVarsInLog = 0;
		};
		98DA5E86B8183B7970E7E82B /* [CP] Embed Pods Frameworks */ = {
			isa = PBXShellScriptBuildPhase;
			buildActionMask = 2147483647;
			files = (
			);
			inputPaths = (
			);
			name = "[CP] Embed Pods Frameworks";
			outputPaths = (
			);
			runOnlyForDeploymentPostprocessing = 0;
			shellPath = /bin/sh;
			shellScript = "\"${SRCROOT}/Pods/Target Support Files/Pods-sdhacks16-app/Pods-sdhacks16-app-frameworks.sh\"\n";
			showEnvVarsInLog = 0;
		};
		BC468357C817B2668527F845 /* [CP] Copy Pods Resources */ = {
			isa = PBXShellScriptBuildPhase;
			buildActionMask = 2147483647;
			files = (
			);
			inputPaths = (
			);
			name = "[CP] Copy Pods Resources";
			outputPaths = (
			);
			runOnlyForDeploymentPostprocessing = 0;
			shellPath = /bin/sh;
			shellScript = "\"${SRCROOT}/Pods/Target Support Files/Pods-sdhacks16-appUITests/Pods-sdhacks16-appUITests-resources.sh\"\n";
			showEnvVarsInLog = 0;
		};
		CA1FED3C9BB2235598AFD6CB /* [CP] Copy Pods Resources */ = {
			isa = PBXShellScriptBuildPhase;
			buildActionMask = 2147483647;
			files = (
			);
			inputPaths = (
			);
			name = "[CP] Copy Pods Resources";
			outputPaths = (
			);
			runOnlyForDeploymentPostprocessing = 0;
			shellPath = /bin/sh;
			shellScript = "\"${SRCROOT}/Pods/Target Support Files/Pods-sdhacks16-app/Pods-sdhacks16-app-resources.sh\"\n";
			showEnvVarsInLog = 0;
		};
		E6DF2ACFA33FC534A37241FF /* [CP] Check Pods Manifest.lock */ = {
			isa = PBXShellScriptBuildPhase;
			buildActionMask = 2147483647;
			files = (
			);
			inputPaths = (
			);
			name = "[CP] Check Pods Manifest.lock";
			outputPaths = (
			);
			runOnlyForDeploymentPostprocessing = 0;
			shellPath = /bin/sh;
			shellScript = "diff \"${PODS_ROOT}/../Podfile.lock\" \"${PODS_ROOT}/Manifest.lock\" > /dev/null\nif [[ $? != 0 ]] ; then\n    cat << EOM\nerror: The sandbox is not in sync with the Podfile.lock. Run 'pod install' or update your CocoaPods installation.\nEOM\n    exit 1\nfi\n";
			showEnvVarsInLog = 0;
		};
		E7126412723E9BDFE409AAC8 /* [CP] Check Pods Manifest.lock */ = {
			isa = PBXShellScriptBuildPhase;
			buildActionMask = 2147483647;
			files = (
			);
			inputPaths = (
			);
			name = "[CP] Check Pods Manifest.lock";
			outputPaths = (
			);
			runOnlyForDeploymentPostprocessing = 0;
			shellPath = /bin/sh;
			shellScript = "diff \"${PODS_ROOT}/../Podfile.lock\" \"${PODS_ROOT}/Manifest.lock\" > /dev/null\nif [[ $? != 0 ]] ; then\n    cat << EOM\nerror: The sandbox is not in sync with the Podfile.lock. Run 'pod install' or update your CocoaPods installation.\nEOM\n    exit 1\nfi\n";
			showEnvVarsInLog = 0;
		};
/* End PBXShellScriptBuildPhase section */

/* Begin PBXSourcesBuildPhase section */
		431D5B6D1D9F8F5C00429AEF /* Sources */ = {
			isa = PBXSourcesBuildPhase;
			buildActionMask = 2147483647;
			files = (
				98DBA7D11D9F99C600A37778 /* CourseConfirmationViewController.swift in Sources */,
				43DCD8A01DA02A4D00F1D8D1 /* QAViewController.swift in Sources */,
				98DBA7DA1DA0168600A37778 /* CoursesTableViewController.swift in Sources */,
				98DBA7D81D9FB7D800A37778 /* RegisteredClassListTableViewCell.swift in Sources */,
				98DBA7CF1D9F969A00A37778 /* Courses.swift in Sources */,
				43DCD8A31DA0334C00F1D8D1 /* QATableViewCell.swift in Sources */,
				431D5B771D9F8F5C00429AEF /* PIDViewController.swift in Sources */,
				98DBA7DD1DA01AFC00A37778 /* Question.swift in Sources */,
				431D5B751D9F8F5C00429AEF /* AppDelegate.swift in Sources */,
				98DBA7E41DA0239900A37778 /* QuestionHistoryTableViewController.swift in Sources */,
				98DBA7E11DA01ED100A37778 /* Student.swift in Sources */,
				98DBA7D31D9FA53B00A37778 /* Macro.swift in Sources */,
				98DBA7DF1DA01B3D00A37778 /* Lecture.swift in Sources */,
				98DBA7D61D9FB78500A37778 /* RegisteredClassListTableViewController.swift in Sources */,
				98DBA7C91D9F926200A37778 /* AddClassesViewController.swift in Sources */,
				98DBA7E61DA0245200A37778 /* QuestionTableViewCell.swift in Sources */,
			);
			runOnlyForDeploymentPostprocessing = 0;
		};
		431D5B811D9F8F5C00429AEF /* Sources */ = {
			isa = PBXSourcesBuildPhase;
			buildActionMask = 2147483647;
			files = (
				431D5B8A1D9F8F5C00429AEF /* sdhacks16_appTests.swift in Sources */,
			);
			runOnlyForDeploymentPostprocessing = 0;
		};
		431D5B8C1D9F8F5C00429AEF /* Sources */ = {
			isa = PBXSourcesBuildPhase;
			buildActionMask = 2147483647;
			files = (
				431D5B951D9F8F5C00429AEF /* sdhacks16_appUITests.swift in Sources */,
			);
			runOnlyForDeploymentPostprocessing = 0;
		};
/* End PBXSourcesBuildPhase section */

/* Begin PBXTargetDependency section */
		431D5B871D9F8F5C00429AEF /* PBXTargetDependency */ = {
			isa = PBXTargetDependency;
			target = 431D5B701D9F8F5C00429AEF /* sdhacks16-app */;
			targetProxy = 431D5B861D9F8F5C00429AEF /* PBXContainerItemProxy */;
		};
		431D5B921D9F8F5C00429AEF /* PBXTargetDependency */ = {
			isa = PBXTargetDependency;
			target = 431D5B701D9F8F5C00429AEF /* sdhacks16-app */;
			targetProxy = 431D5B911D9F8F5C00429AEF /* PBXContainerItemProxy */;
		};
/* End PBXTargetDependency section */

/* Begin PBXVariantGroup section */
		431D5B781D9F8F5C00429AEF /* Main.storyboard */ = {
			isa = PBXVariantGroup;
			children = (
				431D5B791D9F8F5C00429AEF /* Base */,
			);
			name = Main.storyboard;
			sourceTree = "<group>";
		};
		431D5B7D1D9F8F5C00429AEF /* LaunchScreen.storyboard */ = {
			isa = PBXVariantGroup;
			children = (
				431D5B7E1D9F8F5C00429AEF /* Base */,
			);
			name = LaunchScreen.storyboard;
			sourceTree = "<group>";
		};
/* End PBXVariantGroup section */

/* Begin XCBuildConfiguration section */
		431D5B971D9F8F5C00429AEF /* Debug */ = {
			isa = XCBuildConfiguration;
			buildSettings = {
				ALWAYS_SEARCH_USER_PATHS = NO;
				CLANG_ANALYZER_NONNULL = YES;
				CLANG_CXX_LANGUAGE_STANDARD = "gnu++0x";
				CLANG_CXX_LIBRARY = "libc++";
				CLANG_ENABLE_MODULES = YES;
				CLANG_ENABLE_OBJC_ARC = YES;
				CLANG_WARN_BOOL_CONVERSION = YES;
				CLANG_WARN_CONSTANT_CONVERSION = YES;
				CLANG_WARN_DIRECT_OBJC_ISA_USAGE = YES_ERROR;
				CLANG_WARN_DOCUMENTATION_COMMENTS = YES;
				CLANG_WARN_EMPTY_BODY = YES;
				CLANG_WARN_ENUM_CONVERSION = YES;
				CLANG_WARN_INFINITE_RECURSION = YES;
				CLANG_WARN_INT_CONVERSION = YES;
				CLANG_WARN_OBJC_ROOT_CLASS = YES_ERROR;
				CLANG_WARN_SUSPICIOUS_MOVES = YES;
				CLANG_WARN_UNREACHABLE_CODE = YES;
				CLANG_WARN__DUPLICATE_METHOD_MATCH = YES;
				"CODE_SIGN_IDENTITY[sdk=iphoneos*]" = "iPhone Developer";
				COPY_PHASE_STRIP = NO;
				DEBUG_INFORMATION_FORMAT = dwarf;
				ENABLE_STRICT_OBJC_MSGSEND = YES;
				ENABLE_TESTABILITY = YES;
				GCC_C_LANGUAGE_STANDARD = gnu99;
				GCC_DYNAMIC_NO_PIC = NO;
				GCC_NO_COMMON_BLOCKS = YES;
				GCC_OPTIMIZATION_LEVEL = 0;
				GCC_PREPROCESSOR_DEFINITIONS = (
					"DEBUG=1",
					"$(inherited)",
				);
				GCC_WARN_64_TO_32_BIT_CONVERSION = YES;
				GCC_WARN_ABOUT_RETURN_TYPE = YES_ERROR;
				GCC_WARN_UNDECLARED_SELECTOR = YES;
				GCC_WARN_UNINITIALIZED_AUTOS = YES_AGGRESSIVE;
				GCC_WARN_UNUSED_FUNCTION = YES;
				GCC_WARN_UNUSED_VARIABLE = YES;
				IPHONEOS_DEPLOYMENT_TARGET = 10.0;
				MTL_ENABLE_DEBUG_INFO = YES;
				ONLY_ACTIVE_ARCH = YES;
				SDKROOT = iphoneos;
				SWIFT_ACTIVE_COMPILATION_CONDITIONS = DEBUG;
				SWIFT_OPTIMIZATION_LEVEL = "-Onone";
				TARGETED_DEVICE_FAMILY = "1,2";
			};
			name = Debug;
		};
		431D5B981D9F8F5C00429AEF /* Release */ = {
			isa = XCBuildConfiguration;
			buildSettings = {
				ALWAYS_SEARCH_USER_PATHS = NO;
				CLANG_ANALYZER_NONNULL = YES;
				CLANG_CXX_LANGUAGE_STANDARD = "gnu++0x";
				CLANG_CXX_LIBRARY = "libc++";
				CLANG_ENABLE_MODULES = YES;
				CLANG_ENABLE_OBJC_ARC = YES;
				CLANG_WARN_BOOL_CONVERSION = YES;
				CLANG_WARN_CONSTANT_CONVERSION = YES;
				CLANG_WARN_DIRECT_OBJC_ISA_USAGE = YES_ERROR;
				CLANG_WARN_DOCUMENTATION_COMMENTS = YES;
				CLANG_WARN_EMPTY_BODY = YES;
				CLANG_WARN_ENUM_CONVERSION = YES;
				CLANG_WARN_INFINITE_RECURSION = YES;
				CLANG_WARN_INT_CONVERSION = YES;
				CLANG_WARN_OBJC_ROOT_CLASS = YES_ERROR;
				CLANG_WARN_SUSPICIOUS_MOVES = YES;
				CLANG_WARN_UNREACHABLE_CODE = YES;
				CLANG_WARN__DUPLICATE_METHOD_MATCH = YES;
				"CODE_SIGN_IDENTITY[sdk=iphoneos*]" = "iPhone Developer";
				COPY_PHASE_STRIP = NO;
				DEBUG_INFORMATION_FORMAT = "dwarf-with-dsym";
				ENABLE_NS_ASSERTIONS = NO;
				ENABLE_STRICT_OBJC_MSGSEND = YES;
				GCC_C_LANGUAGE_STANDARD = gnu99;
				GCC_NO_COMMON_BLOCKS = YES;
				GCC_WARN_64_TO_32_BIT_CONVERSION = YES;
				GCC_WARN_ABOUT_RETURN_TYPE = YES_ERROR;
				GCC_WARN_UNDECLARED_SELECTOR = YES;
				GCC_WARN_UNINITIALIZED_AUTOS = YES_AGGRESSIVE;
				GCC_WARN_UNUSED_FUNCTION = YES;
				GCC_WARN_UNUSED_VARIABLE = YES;
				IPHONEOS_DEPLOYMENT_TARGET = 10.0;
				MTL_ENABLE_DEBUG_INFO = NO;
				SDKROOT = iphoneos;
				SWIFT_OPTIMIZATION_LEVEL = "-Owholemodule";
				TARGETED_DEVICE_FAMILY = "1,2";
				VALIDATE_PRODUCT = YES;
			};
			name = Release;
		};
		431D5B9A1D9F8F5C00429AEF /* Debug */ = {
			isa = XCBuildConfiguration;
			baseConfigurationReference = 13B675A4AFE130F787F6DC6F /* Pods-sdhacks16-app.debug.xcconfig */;
			buildSettings = {
				ASSETCATALOG_COMPILER_APPICON_NAME = AppIcon;
				DEVELOPMENT_TEAM = 2ATYTS9SNC;
				INFOPLIST_FILE = "sdhacks16-app/Info.plist";
				LD_RUNPATH_SEARCH_PATHS = "$(inherited) @executable_path/Frameworks";
				PRODUCT_BUNDLE_IDENTIFIER = "com.example.sdhacks16-app";
				PRODUCT_NAME = "$(TARGET_NAME)";
				SWIFT_VERSION = 3.0;
			};
			name = Debug;
		};
		431D5B9B1D9F8F5C00429AEF /* Release */ = {
			isa = XCBuildConfiguration;
			baseConfigurationReference = 2DFB226D26B5F6823FE307C8 /* Pods-sdhacks16-app.release.xcconfig */;
			buildSettings = {
				ASSETCATALOG_COMPILER_APPICON_NAME = AppIcon;
				DEVELOPMENT_TEAM = 2ATYTS9SNC;
				INFOPLIST_FILE = "sdhacks16-app/Info.plist";
				LD_RUNPATH_SEARCH_PATHS = "$(inherited) @executable_path/Frameworks";
				PRODUCT_BUNDLE_IDENTIFIER = "com.example.sdhacks16-app";
				PRODUCT_NAME = "$(TARGET_NAME)";
				SWIFT_VERSION = 3.0;
			};
			name = Release;
		};
		431D5B9D1D9F8F5C00429AEF /* Debug */ = {
			isa = XCBuildConfiguration;
			baseConfigurationReference = 15D0565D0F4BC84B27B6A4F2 /* Pods-sdhacks16-appTests.debug.xcconfig */;
			buildSettings = {
				ALWAYS_EMBED_SWIFT_STANDARD_LIBRARIES = YES;
				BUNDLE_LOADER = "$(TEST_HOST)";
				INFOPLIST_FILE = "sdhacks16-appTests/Info.plist";
				LD_RUNPATH_SEARCH_PATHS = "$(inherited) @executable_path/Frameworks @loader_path/Frameworks";
				PRODUCT_BUNDLE_IDENTIFIER = "com.example.sdhacks16-appTests";
				PRODUCT_NAME = "$(TARGET_NAME)";
				SWIFT_VERSION = 3.0;
				TEST_HOST = "$(BUILT_PRODUCTS_DIR)/sdhacks16-app.app/sdhacks16-app";
			};
			name = Debug;
		};
		431D5B9E1D9F8F5C00429AEF /* Release */ = {
			isa = XCBuildConfiguration;
			baseConfigurationReference = 152CC9CA84B91D08CAD6FD54 /* Pods-sdhacks16-appTests.release.xcconfig */;
			buildSettings = {
				ALWAYS_EMBED_SWIFT_STANDARD_LIBRARIES = YES;
				BUNDLE_LOADER = "$(TEST_HOST)";
				INFOPLIST_FILE = "sdhacks16-appTests/Info.plist";
				LD_RUNPATH_SEARCH_PATHS = "$(inherited) @executable_path/Frameworks @loader_path/Frameworks";
				PRODUCT_BUNDLE_IDENTIFIER = "com.example.sdhacks16-appTests";
				PRODUCT_NAME = "$(TARGET_NAME)";
				SWIFT_VERSION = 3.0;
				TEST_HOST = "$(BUILT_PRODUCTS_DIR)/sdhacks16-app.app/sdhacks16-app";
			};
			name = Release;
		};
		431D5BA01D9F8F5C00429AEF /* Debug */ = {
			isa = XCBuildConfiguration;
			baseConfigurationReference = 8A37DDF7C2AFDA3DD45FEA6B /* Pods-sdhacks16-appUITests.debug.xcconfig */;
			buildSettings = {
				ALWAYS_EMBED_SWIFT_STANDARD_LIBRARIES = YES;
				INFOPLIST_FILE = "sdhacks16-appUITests/Info.plist";
				LD_RUNPATH_SEARCH_PATHS = "$(inherited) @executable_path/Frameworks @loader_path/Frameworks";
				PRODUCT_BUNDLE_IDENTIFIER = "com.example.sdhacks16-appUITests";
				PRODUCT_NAME = "$(TARGET_NAME)";
				SWIFT_VERSION = 3.0;
				TEST_TARGET_NAME = "sdhacks16-app";
			};
			name = Debug;
		};
		431D5BA11D9F8F5C00429AEF /* Release */ = {
			isa = XCBuildConfiguration;
			baseConfigurationReference = CC21AF24EBC62D7E83B81DAB /* Pods-sdhacks16-appUITests.release.xcconfig */;
			buildSettings = {
				ALWAYS_EMBED_SWIFT_STANDARD_LIBRARIES = YES;
				INFOPLIST_FILE = "sdhacks16-appUITests/Info.plist";
				LD_RUNPATH_SEARCH_PATHS = "$(inherited) @executable_path/Frameworks @loader_path/Frameworks";
				PRODUCT_BUNDLE_IDENTIFIER = "com.example.sdhacks16-appUITests";
				PRODUCT_NAME = "$(TARGET_NAME)";
				SWIFT_VERSION = 3.0;
				TEST_TARGET_NAME = "sdhacks16-app";
			};
			name = Release;
		};
/* End XCBuildConfiguration section */

/* Begin XCConfigurationList section */
		431D5B6C1D9F8F5C00429AEF /* Build configuration list for PBXProject "sdhacks16-app" */ = {
			isa = XCConfigurationList;
			buildConfigurations = (
				431D5B971D9F8F5C00429AEF /* Debug */,
				431D5B981D9F8F5C00429AEF /* Release */,
			);
			defaultConfigurationIsVisible = 0;
			defaultConfigurationName = Release;
		};
		431D5B991D9F8F5C00429AEF /* Build configuration list for PBXNativeTarget "sdhacks16-app" */ = {
			isa = XCConfigurationList;
			buildConfigurations = (
				431D5B9A1D9F8F5C00429AEF /* Debug */,
				431D5B9B1D9F8F5C00429AEF /* Release */,
			);
			defaultConfigurationIsVisible = 0;
			defaultConfigurationName = Release;
		};
		431D5B9C1D9F8F5C00429AEF /* Build configuration list for PBXNativeTarget "sdhacks16-appTests" */ = {
			isa = XCConfigurationList;
			buildConfigurations = (
				431D5B9D1D9F8F5C00429AEF /* Debug */,
				431D5B9E1D9F8F5C00429AEF /* Release */,
			);
			defaultConfigurationIsVisible = 0;
			defaultConfigurationName = Release;
		};
		431D5B9F1D9F8F5C00429AEF /* Build configuration list for PBXNativeTarget "sdhacks16-appUITests" */ = {
			isa = XCConfigurationList;
			buildConfigurations = (
				431D5BA01D9F8F5C00429AEF /* Debug */,
				431D5BA11D9F8F5C00429AEF /* Release */,
			);
			defaultConfigurationIsVisible = 0;
			defaultConfigurationName = Release;
		};
/* End XCConfigurationList section */
	};
	rootObject = 431D5B691D9F8F5C00429AEF /* Project object */;
}
